
Microsoft Visual Studio Solution File, Format Version 12.00
# Visual Studio Version 16
VisualStudioVersion = 16.0.29324.140
MinimumVisualStudioVersion = 10.0.40219.1
Project("{9A19103F-16F7-4668-BE54-9A1E7A4F7556}") = "GlucoSmart", "GlucoSmart.csproj", "{03269B93-1F62-4F67-9AC4-3825782C242C}"
EndProject
Global
	GlobalSection(SolutionConfigurationPlatforms) = preSolution
		Debug|Any CPU = Debug|Any CPU
		Release|Any CPU = Release|Any CPU
	EndGlobalSection
	GlobalSection(ProjectConfigurationPlatforms) = postSolution
		{03269B93-1F62-4F67-9AC4-3825782C242C}.Debug|Any CPU.ActiveCfg = Debug|Any CPU
		{03269B93-1F62-4F67-9AC4-3825782C242C}.Debug|Any CPU.Build.0 = Debug|Any CPU
		{03269B93-1F62-4F67-9AC4-3825782C242C}.Release|Any CPU.ActiveCfg = Release|Any CPU
		{03269B93-1F62-4F67-9AC4-3825782C242C}.Release|Any CPU.Build.0 = Release|Any CPU
	EndGlobalSection
	GlobalSection(SolutionProperties) = preSolution
		HideSolutionNode = FALSE
	EndGlobalSection
	GlobalSection(ExtensibilityGlobals) = postSolution
		SolutionGuid = {9B4BD2D2-BC6B-4AB8-8512-FF32F9A60412}
	EndGlobalSection
EndGlobal
